
Microsoft Visual Studio Solution File, Format Version 12.00
# Visual Studio Version 16
VisualStudioVersion = 16.0.30621.155
MinimumVisualStudioVersion = 10.0.40219.1
Project("{FAE04EC0-301F-11D3-BF4B-00C04F79EFBC}") = "AlphaVesionOfProject", "AlphaVesionOfProject\AlphaVesionOfProject.csproj", "{924A657F-13D7-44E7-BACD-C9CC66F398EA}"
EndProject
Global
	GlobalSection(SolutionConfigurationPlatforms) = preSolution
		Debug|Any CPU = Debug|Any CPU
		Release|Any CPU = Release|Any CPU
	EndGlobalSection
	GlobalSection(ProjectConfigurationPlatforms) = postSolution
		{924A657F-13D7-44E7-BACD-C9CC66F398EA}.Debug|Any CPU.ActiveCfg = Debug|Any CPU
		{924A657F-13D7-44E7-BACD-C9CC66F398EA}.Debug|Any CPU.Build.0 = Debug|Any CPU
		{924A657F-13D7-44E7-BACD-C9CC66F398EA}.Release|Any CPU.ActiveCfg = Release|Any CPU
		{924A657F-13D7-44E7-BACD-C9CC66F398EA}.Release|Any CPU.Build.0 = Release|Any CPU
	EndGlobalSection
	GlobalSection(SolutionProperties) = preSolution
		HideSolutionNode = FALSE
	EndGlobalSection
	GlobalSection(ExtensibilityGlobals) = postSolution
		SolutionGuid = {83A9368B-89F1-48AE-8D11-99C77E15E713}
	EndGlobalSection
EndGlobal
